
Microsoft Visual Studio Solution File, Format Version 12.00
# Visual Studio Version 17
VisualStudioVersion = 17.4.33122.133
MinimumVisualStudioVersion = 10.0.40219.1
Project("{FAE04EC0-301F-11D3-BF4B-00C04F79EFBC}") = "core--task", "core--task\core--task.csproj", "{AEF78FD8-4B94-4765-A412-B7D62A95A850}"
EndProject
Global
	GlobalSection(SolutionConfigurationPlatforms) = preSolution
		Debug|Any CPU = Debug|Any CPU
		Release|Any CPU = Release|Any CPU
	EndGlobalSection
	GlobalSection(ProjectConfigurationPlatforms) = postSolution
		{AEF78FD8-4B94-4765-A412-B7D62A95A850}.Debug|Any CPU.ActiveCfg = Debug|Any CPU
		{AEF78FD8-4B94-4765-A412-B7D62A95A850}.Debug|Any CPU.Build.0 = Debug|Any CPU
		{AEF78FD8-4B94-4765-A412-B7D62A95A850}.Release|Any CPU.ActiveCfg = Release|Any CPU
		{AEF78FD8-4B94-4765-A412-B7D62A95A850}.Release|Any CPU.Build.0 = Release|Any CPU
	EndGlobalSection
	GlobalSection(SolutionProperties) = preSolution
		HideSolutionNode = FALSE
	EndGlobalSection
	GlobalSection(ExtensibilityGlobals) = postSolution
		SolutionGuid = {53A39866-16AD-4B6F-960A-06AE9AE962EB}
	EndGlobalSection
EndGlobal
